
Microsoft Visual Studio Solution File, Format Version 12.00
# Visual Studio 15
VisualStudioVersion = 15.0.27130.2020
MinimumVisualStudioVersion = 10.0.40219.1
Project("{8BC9CEB8-8B4A-11D0-8D11-00A0C91BC942}") = "libbulletml", "libbulletml.vcxproj", "{1D23D911-89D8-5107-12CD-4BDE7E81480B}"
EndProject
Project("{8BC9CEB8-8B4A-11D0-8D11-00A0C91BC942}") = "libbulletml-shared", "libbulletml-shared.vcxproj", "{41E617C3-2DCA-D818-962A-D36B822DC39A}"
EndProject
Project("{8BC9CEB8-8B4A-11D0-8D11-00A0C91BC942}") = "libbulletml-tests", "libbulletml-tests.vcxproj", "{7DDEA4B0-E9F4-A246-326C-2E689EC173CE}"
EndProject
Global
	GlobalSection(SolutionConfigurationPlatforms) = preSolution
		Debug|Win32 = Debug|Win32
		Debug|x64 = Debug|x64
		Release|Win32 = Release|Win32
		Release|x64 = Release|x64
	EndGlobalSection
	GlobalSection(ProjectConfigurationPlatforms) = postSolution
		{1D23D911-89D8-5107-12CD-4BDE7E81480B}.Debug|Win32.ActiveCfg = Debug|Win32
		{1D23D911-89D8-5107-12CD-4BDE7E81480B}.Debug|Win32.Build.0 = Debug|Win32
		{1D23D911-89D8-5107-12CD-4BDE7E81480B}.Debug|x64.ActiveCfg = Debug|x64
		{1D23D911-89D8-5107-12CD-4BDE7E81480B}.Debug|x64.Build.0 = Debug|x64
		{1D23D911-89D8-5107-12CD-4BDE7E81480B}.Release|Win32.ActiveCfg = Release|Win32
		{1D23D911-89D8-5107-12CD-4BDE7E81480B}.Release|Win32.Build.0 = Release|Win32
		{1D23D911-89D8-5107-12CD-4BDE7E81480B}.Release|x64.ActiveCfg = Release|x64
		{1D23D911-89D8-5107-12CD-4BDE7E81480B}.Release|x64.Build.0 = Release|x64
		{41E617C3-2DCA-D818-962A-D36B822DC39A}.Debug|Win32.ActiveCfg = Debug|Win32
		{41E617C3-2DCA-D818-962A-D36B822DC39A}.Debug|Win32.Build.0 = Debug|Win32
		{41E617C3-2DCA-D818-962A-D36B822DC39A}.Debug|x64.ActiveCfg = Debug|x64
		{41E617C3-2DCA-D818-962A-D36B822DC39A}.Debug|x64.Build.0 = Debug|x64
		{41E617C3-2DCA-D818-962A-D36B822DC39A}.Release|Win32.ActiveCfg = Release|Win32
		{41E617C3-2DCA-D818-962A-D36B822DC39A}.Release|Win32.Build.0 = Release|Win32
		{41E617C3-2DCA-D818-962A-D36B822DC39A}.Release|x64.ActiveCfg = Release|x64
		{41E617C3-2DCA-D818-962A-D36B822DC39A}.Release|x64.Build.0 = Release|x64
		{7DDEA4B0-E9F4-A246-326C-2E689EC173CE}.Debug|Win32.ActiveCfg = Debug|Win32
		{7DDEA4B0-E9F4-A246-326C-2E689EC173CE}.Debug|Win32.Build.0 = Debug|Win32
		{7DDEA4B0-E9F4-A246-326C-2E689EC173CE}.Debug|x64.ActiveCfg = Debug|x64
		{7DDEA4B0-E9F4-A246-326C-2E689EC173CE}.Debug|x64.Build.0 = Debug|x64
		{7DDEA4B0-E9F4-A246-326C-2E689EC173CE}.Release|Win32.ActiveCfg = Release|Win32
		{7DDEA4B0-E9F4-A246-326C-2E689EC173CE}.Release|Win32.Build.0 = Release|Win32
		{7DDEA4B0-E9F4-A246-326C-2E689EC173CE}.Release|x64.ActiveCfg = Release|x64
		{7DDEA4B0-E9F4-A246-326C-2E689EC173CE}.Release|x64.Build.0 = Release|x64
	EndGlobalSection
	GlobalSection(SolutionProperties) = preSolution
		HideSolutionNode = FALSE
	EndGlobalSection
	GlobalSection(ExtensibilityGlobals) = postSolution
		SolutionGuid = {38018549-E023-48E3-9C6B-F9150B9892ED}
	EndGlobalSection
EndGlobal
